// !$*UTF8*$!
{
	archiveVersion = 1;
	classes = {
	};
	objectVersion = 46;
	objects = {

/* Begin PBXBuildFile section */
		D5E21C1F1BF6630A00C75D9C /* CadastroPetsViewController.swift in Sources */ = {isa = PBXBuildFile; fileRef = D5E21C1D1BF6630A00C75D9C /* CadastroPetsViewController.swift */; };
		D5E21C201BF6630A00C75D9C /* CadastroPetsViewController.xib in Resources */ = {isa = PBXBuildFile; fileRef = D5E21C1E1BF6630A00C75D9C /* CadastroPetsViewController.xib */; };
		D5F5C7BE1BF622DF00187421 /* AppDelegate.swift in Sources */ = {isa = PBXBuildFile; fileRef = D5F5C7BD1BF622DF00187421 /* AppDelegate.swift */; };
		D5F5C7C51BF622DF00187421 /* Assets.xcassets in Resources */ = {isa = PBXBuildFile; fileRef = D5F5C7C41BF622DF00187421 /* Assets.xcassets */; };
		D5F5C7C81BF622DF00187421 /* LaunchScreen.storyboard in Resources */ = {isa = PBXBuildFile; fileRef = D5F5C7C61BF622DF00187421 /* LaunchScreen.storyboard */; };
		D5F5C7D11BF623A900187421 /* LoginViewController.swift in Sources */ = {isa = PBXBuildFile; fileRef = D5F5C7CF1BF623A900187421 /* LoginViewController.swift */; };
		D5F5C7D21BF623A900187421 /* LoginViewController.xib in Resources */ = {isa = PBXBuildFile; fileRef = D5F5C7D01BF623A900187421 /* LoginViewController.xib */; };
		D5F5C7D51BF623CA00187421 /* PerfilViewController.swift in Sources */ = {isa = PBXBuildFile; fileRef = D5F5C7D31BF623CA00187421 /* PerfilViewController.swift */; };
		D5F5C7D61BF623CA00187421 /* PerfilViewController.xib in Resources */ = {isa = PBXBuildFile; fileRef = D5F5C7D41BF623CA00187421 /* PerfilViewController.xib */; };
		D5F5C7D91BF623E300187421 /* CadastroClienteViewController.swift in Sources */ = {isa = PBXBuildFile; fileRef = D5F5C7D71BF623E300187421 /* CadastroClienteViewController.swift */; };
		D5F5C7DA1BF623E300187421 /* CadastroClienteViewController.xib in Resources */ = {isa = PBXBuildFile; fileRef = D5F5C7D81BF623E300187421 /* CadastroClienteViewController.xib */; };
		D5F5C7E11BF6244B00187421 /* CadastroPetViewController.swift in Sources */ = {isa = PBXBuildFile; fileRef = D5F5C7DF1BF6244A00187421 /* CadastroPetViewController.swift */; };
		D5F5C7E21BF6244B00187421 /* CadastroPetViewController.xib in Resources */ = {isa = PBXBuildFile; fileRef = D5F5C7E01BF6244B00187421 /* CadastroPetViewController.xib */; };
		D5F5C7E51BF6246F00187421 /* AgendamentoViewController.swift in Sources */ = {isa = PBXBuildFile; fileRef = D5F5C7E31BF6246F00187421 /* AgendamentoViewController.swift */; };
		D5F5C7E61BF6246F00187421 /* AgendamentoViewController.xib in Resources */ = {isa = PBXBuildFile; fileRef = D5F5C7E41BF6246F00187421 /* AgendamentoViewController.xib */; };
		D5F5C7E91BF6252E00187421 /* ListaViewController.swift in Sources */ = {isa = PBXBuildFile; fileRef = D5F5C7E71BF6252E00187421 /* ListaViewController.swift */; };
		D5F5C7EA1BF6252E00187421 /* ListaViewController.xib in Resources */ = {isa = PBXBuildFile; fileRef = D5F5C7E81BF6252E00187421 /* ListaViewController.xib */; };
		D5F5C7ED1BF6254900187421 /* MapaViewController.swift in Sources */ = {isa = PBXBuildFile; fileRef = D5F5C7EB1BF6254900187421 /* MapaViewController.swift */; };
		D5F5C7EE1BF6254900187421 /* MapaViewController.xib in Resources */ = {isa = PBXBuildFile; fileRef = D5F5C7EC1BF6254900187421 /* MapaViewController.xib */; };
		D5F5C7F11BF6257A00187421 /* HistoricoViewController.swift in Sources */ = {isa = PBXBuildFile; fileRef = D5F5C7EF1BF6257A00187421 /* HistoricoViewController.swift */; };
		D5F5C7F21BF6257A00187421 /* HistoricoViewController.xib in Resources */ = {isa = PBXBuildFile; fileRef = D5F5C7F01BF6257A00187421 /* HistoricoViewController.xib */; };
		D5F5C7F51BF625C600187421 /* MeuPerfilViewController.swift in Sources */ = {isa = PBXBuildFile; fileRef = D5F5C7F31BF625C600187421 /* MeuPerfilViewController.swift */; };
		D5F5C7F61BF625C600187421 /* MeuPerfilViewController.xib in Resources */ = {isa = PBXBuildFile; fileRef = D5F5C7F41BF625C600187421 /* MeuPerfilViewController.xib */; };
/* End PBXBuildFile section */

/* Begin PBXFileReference section */
		D5E21C1D1BF6630A00C75D9C /* CadastroPetsViewController.swift */ = {isa = PBXFileReference; fileEncoding = 4; lastKnownFileType = sourcecode.swift; path = CadastroPetsViewController.swift; sourceTree = "<group>"; };
		D5E21C1E1BF6630A00C75D9C /* CadastroPetsViewController.xib */ = {isa = PBXFileReference; fileEncoding = 4; lastKnownFileType = file.xib; path = CadastroPetsViewController.xib; sourceTree = "<group>"; };
		D5F5C7BA1BF622DF00187421 /* Banho&Tosa.app */ = {isa = PBXFileReference; explicitFileType = wrapper.application; includeInIndex = 0; path = "Banho&Tosa.app"; sourceTree = BUILT_PRODUCTS_DIR; };
		D5F5C7BD1BF622DF00187421 /* AppDelegate.swift */ = {isa = PBXFileReference; lastKnownFileType = sourcecode.swift; path = AppDelegate.swift; sourceTree = "<group>"; };
		D5F5C7C41BF622DF00187421 /* Assets.xcassets */ = {isa = PBXFileReference; lastKnownFileType = folder.assetcatalog; path = Assets.xcassets; sourceTree = "<group>"; };
		D5F5C7C71BF622DF00187421 /* Base */ = {isa = PBXFileReference; lastKnownFileType = file.storyboard; name = Base; path = Base.lproj/LaunchScreen.storyboard; sourceTree = "<group>"; };
		D5F5C7C91BF622DF00187421 /* Info.plist */ = {isa = PBXFileReference; lastKnownFileType = text.plist.xml; path = Info.plist; sourceTree = "<group>"; };
		D5F5C7CF1BF623A900187421 /* LoginViewController.swift */ = {isa = PBXFileReference; fileEncoding = 4; lastKnownFileType = sourcecode.swift; path = LoginViewController.swift; sourceTree = "<group>"; };
		D5F5C7D01BF623A900187421 /* LoginViewController.xib */ = {isa = PBXFileReference; fileEncoding = 4; lastKnownFileType = file.xib; path = LoginViewController.xib; sourceTree = "<group>"; };
		D5F5C7D31BF623CA00187421 /* PerfilViewController.swift */ = {isa = PBXFileReference; fileEncoding = 4; lastKnownFileType = sourcecode.swift; path = PerfilViewController.swift; sourceTree = "<group>"; };
		D5F5C7D41BF623CA00187421 /* PerfilViewController.xib */ = {isa = PBXFileReference; fileEncoding = 4; lastKnownFileType = file.xib; path = PerfilViewController.xib; sourceTree = "<group>"; };
		D5F5C7D71BF623E300187421 /* CadastroClienteViewController.swift */ = {isa = PBXFileReference; fileEncoding = 4; lastKnownFileType = sourcecode.swift; path = CadastroClienteViewController.swift; sourceTree = "<group>"; };
		D5F5C7D81BF623E300187421 /* CadastroClienteViewController.xib */ = {isa = PBXFileReference; fileEncoding = 4; lastKnownFileType = file.xib; path = CadastroClienteViewController.xib; sourceTree = "<group>"; };
		D5F5C7DF1BF6244A00187421 /* CadastroPetViewController.swift */ = {isa = PBXFileReference; fileEncoding = 4; lastKnownFileType = sourcecode.swift; path = CadastroPetViewController.swift; sourceTree = "<group>"; };
		D5F5C7E01BF6244B00187421 /* CadastroPetViewController.xib */ = {isa = PBXFileReference; fileEncoding = 4; lastKnownFileType = file.xib; path = CadastroPetViewController.xib; sourceTree = "<group>"; };
		D5F5C7E31BF6246F00187421 /* AgendamentoViewController.swift */ = {isa = PBXFileReference; fileEncoding = 4; lastKnownFileType = sourcecode.swift; path = AgendamentoViewController.swift; sourceTree = "<group>"; };
		D5F5C7E41BF6246F00187421 /* AgendamentoViewController.xib */ = {isa = PBXFileReference; fileEncoding = 4; lastKnownFileType = file.xib; path = AgendamentoViewController.xib; sourceTree = "<group>"; };
		D5F5C7E71BF6252E00187421 /* ListaViewController.swift */ = {isa = PBXFileReference; fileEncoding = 4; lastKnownFileType = sourcecode.swift; path = ListaViewController.swift; sourceTree = "<group>"; };
		D5F5C7E81BF6252E00187421 /* ListaViewController.xib */ = {isa = PBXFileReference; fileEncoding = 4; lastKnownFileType = file.xib; path = ListaViewController.xib; sourceTree = "<group>"; };
		D5F5C7EB1BF6254900187421 /* MapaViewController.swift */ = {isa = PBXFileReference; fileEncoding = 4; lastKnownFileType = sourcecode.swift; path = MapaViewController.swift; sourceTree = "<group>"; };
		D5F5C7EC1BF6254900187421 /* MapaViewController.xib */ = {isa = PBXFileReference; fileEncoding = 4; lastKnownFileType = file.xib; path = MapaViewController.xib; sourceTree = "<group>"; };
		D5F5C7EF1BF6257A00187421 /* HistoricoViewController.swift */ = {isa = PBXFileReference; fileEncoding = 4; lastKnownFileType = sourcecode.swift; path = HistoricoViewController.swift; sourceTree = "<group>"; };
		D5F5C7F01BF6257A00187421 /* HistoricoViewController.xib */ = {isa = PBXFileReference; fileEncoding = 4; lastKnownFileType = file.xib; path = HistoricoViewController.xib; sourceTree = "<group>"; };
		D5F5C7F31BF625C600187421 /* MeuPerfilViewController.swift */ = {isa = PBXFileReference; fileEncoding = 4; lastKnownFileType = sourcecode.swift; path = MeuPerfilViewController.swift; sourceTree = "<group>"; };
		D5F5C7F41BF625C600187421 /* MeuPerfilViewController.xib */ = {isa = PBXFileReference; fileEncoding = 4; lastKnownFileType = file.xib; path = MeuPerfilViewController.xib; sourceTree = "<group>"; };
/* End PBXFileReference section */

/* Begin PBXFrameworksBuildPhase section */
		D5F5C7B71BF622DF00187421 /* Frameworks */ = {
			isa = PBXFrameworksBuildPhase;
			buildActionMask = 2147483647;
			files = (
			);
			runOnlyForDeploymentPostprocessing = 0;
		};
/* End PBXFrameworksBuildPhase section */

/* Begin PBXGroup section */
		D5F5C7B11BF622DF00187421 = {
			isa = PBXGroup;
			children = (
				D5F5C7BC1BF622DF00187421 /* Banho&Tosa */,
				D5F5C7BB1BF622DF00187421 /* Products */,
			);
			sourceTree = "<group>";
		};
		D5F5C7BB1BF622DF00187421 /* Products */ = {
			isa = PBXGroup;
			children = (
				D5F5C7BA1BF622DF00187421 /* Banho&Tosa.app */,
			);
			name = Products;
			sourceTree = "<group>";
		};
		D5F5C7BC1BF622DF00187421 /* Banho&Tosa */ = {
			isa = PBXGroup;
			children = (
				D5F5C7BD1BF622DF00187421 /* AppDelegate.swift */,
				D5F5C7C41BF622DF00187421 /* Assets.xcassets */,
				D5F5C7C61BF622DF00187421 /* LaunchScreen.storyboard */,
				D5F5C7C91BF622DF00187421 /* Info.plist */,
				D5F5C7CF1BF623A900187421 /* LoginViewController.swift */,
				D5F5C7D01BF623A900187421 /* LoginViewController.xib */,
				D5F5C7D31BF623CA00187421 /* PerfilViewController.swift */,
				D5F5C7D41BF623CA00187421 /* PerfilViewController.xib */,
				D5F5C7D71BF623E300187421 /* CadastroClienteViewController.swift */,
				D5F5C7D81BF623E300187421 /* CadastroClienteViewController.xib */,
				D5E21C1D1BF6630A00C75D9C /* CadastroPetsViewController.swift */,
				D5E21C1E1BF6630A00C75D9C /* CadastroPetsViewController.xib */,
				D5F5C7E71BF6252E00187421 /* ListaViewController.swift */,
				D5F5C7E81BF6252E00187421 /* ListaViewController.xib */,
				D5F5C7EB1BF6254900187421 /* MapaViewController.swift */,
				D5F5C7EC1BF6254900187421 /* MapaViewController.xib */,
				D5F5C7EF1BF6257A00187421 /* HistoricoViewController.swift */,
				D5F5C7F01BF6257A00187421 /* HistoricoViewController.xib */,
				D5F5C7F31BF625C600187421 /* MeuPerfilViewController.swift */,
				D5F5C7F41BF625C600187421 /* MeuPerfilViewController.xib */,
				D5F5C7DF1BF6244A00187421 /* CadastroPetViewController.swift */,
				D5F5C7E01BF6244B00187421 /* CadastroPetViewController.xib */,
				D5F5C7E31BF6246F00187421 /* AgendamentoViewController.swift */,
				D5F5C7E41BF6246F00187421 /* AgendamentoViewController.xib */,
			);
			path = "Banho&Tosa";
			sourceTree = "<group>";
		};
/* End PBXGroup section */

/* Begin PBXNativeTarget section */
		D5F5C7B91BF622DF00187421 /* Banho&Tosa */ = {
			isa = PBXNativeTarget;
			buildConfigurationList = D5F5C7CC1BF622DF00187421 /* Build configuration list for PBXNativeTarget "Banho&Tosa" */;
			buildPhases = (
				D5F5C7B61BF622DF00187421 /* Sources */,
				D5F5C7B71BF622DF00187421 /* Frameworks */,
				D5F5C7B81BF622DF00187421 /* Resources */,
			);
			buildRules = (
			);
			dependencies = (
			);
			name = "Banho&Tosa";
			productName = "Banho&Tosa";
			productReference = D5F5C7BA1BF622DF00187421 /* Banho&Tosa.app */;
			productType = "com.apple.product-type.application";
		};
/* End PBXNativeTarget section */

/* Begin PBXProject section */
		D5F5C7B21BF622DF00187421 /* Project object */ = {
			isa = PBXProject;
			attributes = {
				LastSwiftUpdateCheck = 0710;
				LastUpgradeCheck = 0710;
				ORGANIZATIONNAME = Training;
				TargetAttributes = {
					D5F5C7B91BF622DF00187421 = {
						CreatedOnToolsVersion = 7.1.1;
					};
				};
			};
			buildConfigurationList = D5F5C7B51BF622DF00187421 /* Build configuration list for PBXProject "Banho&Tosa" */;
			compatibilityVersion = "Xcode 3.2";
			developmentRegion = English;
			hasScannedForEncodings = 0;
			knownRegions = (
				en,
				Base,
			);
			mainGroup = D5F5C7B11BF622DF00187421;
			productRefGroup = D5F5C7BB1BF622DF00187421 /* Products */;
			projectDirPath = "";
			projectRoot = "";
			targets = (
				D5F5C7B91BF622DF00187421 /* Banho&Tosa */,
			);
		};
/* End PBXProject section */

/* Begin PBXResourcesBuildPhase section */
		D5F5C7B81BF622DF00187421 /* Resources */ = {
			isa = PBXResourcesBuildPhase;
			buildActionMask = 2147483647;
			files = (
				D5F5C7F61BF625C600187421 /* MeuPerfilViewController.xib in Resources */,
				D5F5C7E61BF6246F00187421 /* AgendamentoViewController.xib in Resources */,
				D5F5C7DA1BF623E300187421 /* CadastroClienteViewController.xib in Resources */,
				D5F5C7E21BF6244B00187421 /* CadastroPetViewController.xib in Resources */,
				D5F5C7C81BF622DF00187421 /* LaunchScreen.storyboard in Resources */,
				D5F5C7EA1BF6252E00187421 /* ListaViewController.xib in Resources */,
				D5F5C7F21BF6257A00187421 /* HistoricoViewController.xib in Resources */,
				D5E21C201BF6630A00C75D9C /* CadastroPetsViewController.xib in Resources */,
				D5F5C7EE1BF6254900187421 /* MapaViewController.xib in Resources */,
				D5F5C7C51BF622DF00187421 /* Assets.xcassets in Resources */,
				D5F5C7D61BF623CA00187421 /* PerfilViewController.xib in Resources */,
				D5F5C7D21BF623A900187421 /* LoginViewController.xib in Resources */,
			);
			runOnlyForDeploymentPostprocessing = 0;
		};
/* End PBXResourcesBuildPhase section */

/* Begin PBXSourcesBuildPhase section */
		D5F5C7B61BF622DF00187421 /* Sources */ = {
			isa = PBXSourcesBuildPhase;
			buildActionMask = 2147483647;
			files = (
				D5F5C7D51BF623CA00187421 /* PerfilViewController.swift in Sources */,
				D5F5C7ED1BF6254900187421 /* MapaViewController.swift in Sources */,
				D5F5C7D11BF623A900187421 /* LoginViewController.swift in Sources */,
				D5F5C7F11BF6257A00187421 /* HistoricoViewController.swift in Sources */,
				D5E21C1F1BF6630A00C75D9C /* CadastroPetsViewController.swift in Sources */,
				D5F5C7E11BF6244B00187421 /* CadastroPetViewController.swift in Sources */,
				D5F5C7D91BF623E300187421 /* CadastroClienteViewController.swift in Sources */,
				D5F5C7F51BF625C600187421 /* MeuPerfilViewController.swift in Sources */,
				D5F5C7BE1BF622DF00187421 /* AppDelegate.swift in Sources */,
				D5F5C7E91BF6252E00187421 /* ListaViewController.swift in Sources */,
				D5F5C7E51BF6246F00187421 /* AgendamentoViewController.swift in Sources */,
			);
			runOnlyForDeploymentPostprocessing = 0;
		};
/* End PBXSourcesBuildPhase section */

/* Begin PBXVariantGroup section */
		D5F5C7C61BF622DF00187421 /* LaunchScreen.storyboard */ = {
			isa = PBXVariantGroup;
			children = (
				D5F5C7C71BF622DF00187421 /* Base */,
			);
			name = LaunchScreen.storyboard;
			sourceTree = "<group>";
		};
/* End PBXVariantGroup section */

/* Begin XCBuildConfiguration section */
		D5F5C7CA1BF622DF00187421 /* Debug */ = {
			isa = XCBuildConfiguration;
			buildSettings = {
				ALWAYS_SEARCH_USER_PATHS = NO;
				CLANG_CXX_LANGUAGE_STANDARD = "gnu++0x";
				CLANG_CXX_LIBRARY = "libc++";
				CLANG_ENABLE_MODULES = YES;
				CLANG_ENABLE_OBJC_ARC = YES;
				CLANG_WARN_BOOL_CONVERSION = YES;
				CLANG_WARN_CONSTANT_CONVERSION = YES;
				CLANG_WARN_DIRECT_OBJC_ISA_USAGE = YES_ERROR;
				CLANG_WARN_EMPTY_BODY = YES;
				CLANG_WARN_ENUM_CONVERSION = YES;
				CLANG_WARN_INT_CONVERSION = YES;
				CLANG_WARN_OBJC_ROOT_CLASS = YES_ERROR;
				CLANG_WARN_UNREACHABLE_CODE = YES;
				CLANG_WARN__DUPLICATE_METHOD_MATCH = YES;
				"CODE_SIGN_IDENTITY[sdk=iphoneos*]" = "iPhone Developer";
				COPY_PHASE_STRIP = NO;
				DEBUG_INFORMATION_FORMAT = dwarf;
				ENABLE_STRICT_OBJC_MSGSEND = YES;
				ENABLE_TESTABILITY = YES;
				GCC_C_LANGUAGE_STANDARD = gnu99;
				GCC_DYNAMIC_NO_PIC = NO;
				GCC_NO_COMMON_BLOCKS = YES;
				GCC_OPTIMIZATION_LEVEL = 0;
				GCC_PREPROCESSOR_DEFINITIONS = (
					"DEBUG=1",
					"$(inherited)",
				);
				GCC_WARN_64_TO_32_BIT_CONVERSION = YES;
				GCC_WARN_ABOUT_RETURN_TYPE = YES_ERROR;
				GCC_WARN_UNDECLARED_SELECTOR = YES;
				GCC_WARN_UNINITIALIZED_AUTOS = YES_AGGRESSIVE;
				GCC_WARN_UNUSED_FUNCTION = YES;
				GCC_WARN_UNUSED_VARIABLE = YES;
				IPHONEOS_DEPLOYMENT_TARGET = 9.1;
				MTL_ENABLE_DEBUG_INFO = YES;
				ONLY_ACTIVE_ARCH = YES;
				SDKROOT = iphoneos;
				SWIFT_OPTIMIZATION_LEVEL = "-Onone";
			};
			name = Debug;
		};
		D5F5C7CB1BF622DF00187421 /* Release */ = {
			isa = XCBuildConfiguration;
			buildSettings = {
				ALWAYS_SEARCH_USER_PATHS = NO;
				CLANG_CXX_LANGUAGE_STANDARD = "gnu++0x";
				CLANG_CXX_LIBRARY = "libc++";
				CLANG_ENABLE_MODULES = YES;
				CLANG_ENABLE_OBJC_ARC = YES;
				CLANG_WARN_BOOL_CONVERSION = YES;
				CLANG_WARN_CONSTANT_CONVERSION = YES;
				CLANG_WARN_DIRECT_OBJC_ISA_USAGE = YES_ERROR;
				CLANG_WARN_EMPTY_BODY = YES;
				CLANG_WARN_ENUM_CONVERSION = YES;
				CLANG_WARN_INT_CONVERSION = YES;
				CLANG_WARN_OBJC_ROOT_CLASS = YES_ERROR;
				CLANG_WARN_UNREACHABLE_CODE = YES;
				CLANG_WARN__DUPLICATE_METHOD_MATCH = YES;
				"CODE_SIGN_IDENTITY[sdk=iphoneos*]" = "iPhone Developer";
				COPY_PHASE_STRIP = NO;
				DEBUG_INFORMATION_FORMAT = "dwarf-with-dsym";
				ENABLE_NS_ASSERTIONS = NO;
				ENABLE_STRICT_OBJC_MSGSEND = YES;
				GCC_C_LANGUAGE_STANDARD = gnu99;
				GCC_NO_COMMON_BLOCKS = YES;
				GCC_WARN_64_TO_32_BIT_CONVERSION = YES;
				GCC_WARN_ABOUT_RETURN_TYPE = YES_ERROR;
				GCC_WARN_UNDECLARED_SELECTOR = YES;
				GCC_WARN_UNINITIALIZED_AUTOS = YES_AGGRESSIVE;
				GCC_WARN_UNUSED_FUNCTION = YES;
				GCC_WARN_UNUSED_VARIABLE = YES;
				IPHONEOS_DEPLOYMENT_TARGET = 9.1;
				MTL_ENABLE_DEBUG_INFO = NO;
				SDKROOT = iphoneos;
				VALIDATE_PRODUCT = YES;
			};
			name = Release;
		};
		D5F5C7CD1BF622DF00187421 /* Debug */ = {
			isa = XCBuildConfiguration;
			buildSettings = {
				ASSETCATALOG_COMPILER_APPICON_NAME = AppIcon;
				INFOPLIST_FILE = "Banho&Tosa/Info.plist";
				LD_RUNPATH_SEARCH_PATHS = "$(inherited) @executable_path/Frameworks";
				PRODUCT_BUNDLE_IDENTIFIER = "br.com.training.Banho-Tosa";
				PRODUCT_NAME = "$(TARGET_NAME)";
				TARGETED_DEVICE_FAMILY = 1;
			};
			name = Debug;
		};
		D5F5C7CE1BF622DF00187421 /* Release */ = {
			isa = XCBuildConfiguration;
			buildSettings = {
				ASSETCATALOG_COMPILER_APPICON_NAME = AppIcon;
				INFOPLIST_FILE = "Banho&Tosa/Info.plist";
				LD_RUNPATH_SEARCH_PATHS = "$(inherited) @executable_path/Frameworks";
				PRODUCT_BUNDLE_IDENTIFIER = "br.com.training.Banho-Tosa";
				PRODUCT_NAME = "$(TARGET_NAME)";
				TARGETED_DEVICE_FAMILY = 1;
			};
			name = Release;
		};
/* End XCBuildConfiguration section */

/* Begin XCConfigurationList section */
		D5F5C7B51BF622DF00187421 /* Build configuration list for PBXProject "Banho&Tosa" */ = {
			isa = XCConfigurationList;
			buildConfigurations = (
				D5F5C7CA1BF622DF00187421 /* Debug */,
				D5F5C7CB1BF622DF00187421 /* Release */,
			);
			defaultConfigurationIsVisible = 0;
			defaultConfigurationName = Release;
		};
		D5F5C7CC1BF622DF00187421 /* Build configuration list for PBXNativeTarget "Banho&Tosa" */ = {
			isa = XCConfigurationList;
			buildConfigurations = (
				D5F5C7CD1BF622DF00187421 /* Debug */,
				D5F5C7CE1BF622DF00187421 /* Release */,
			);
			defaultConfigurationIsVisible = 0;
			defaultConfigurationName = Release;
		};
/* End XCConfigurationList section */
	};
	rootObject = D5F5C7B21BF622DF00187421 /* Project object */;
}
